dependencies:
  espressif/button:
    component_hash: c3ee3ba339a3848977496d0157008ae574a24fc59f54d27c93ab51b14446a2fb
    dependencies:
    - name: espressif/cmake_utilities
      registry_url: https://components.espressif.com/
      require: private
      version: 0.*
    - name: idf
      require: private
      version: '>=4.0'
    source:
      registry_url: https://components.espressif.com/
      type: service
    version: 3.3.1
  espressif/cmake_utilities:
    component_hash: 351350613ceafba240b761b4ea991e0f231ac7a9f59a9ee901f751bddc0bb18f
    dependencies:
    - name: idf
      require: private
      version: '>=4.1'
    source:
      registry_url: https://components.espressif.com/
      type: service
    version: 0.5.3
  espressif/esp_lcd_gc9a01:
    component_hash: 9a6877a69d44729fa3f4aa6fa462cf1a9b47cd16d737e1a5191e5cf78437c7ee
    dependencies:
    - name: espressif/cmake_utilities
      registry_url: https://components.espressif.com/
      require: private
      version: 0.*
    - name: idf
      require: private
      version: '>=4.4'
    source:
      registry_url: https://components.espressif.com/
      type: service
    version: 2.0.0
  espressif/esp_lvgl_port:
    component_hash: 8bcec6b1144750343ce7e411a7a1057a75a6348d3edc137bd5792ccba7f6c270
    dependencies:
    - name: idf
      require: private
      version: '>=4.4'
    - name: lvgl/lvgl
      registry_url: https://components.espressif.com/
      require: public
      version: '>=8,<10'
    source:
      registry_url: https://components.espressif.com/
      type: service
    version: 2.3.2
  espressif/knob:
    component_hash: aeec301a28a84d3a24aeeaef79c8bcffb4ecc153316570fef710ff27e2399d5a
    dependencies:
    - name: espressif/cmake_utilities
      registry_url: https://components.espressif.com/
      require: private
      version: 0.*
    - name: idf
      require: private
      version: '>=4.4.1'
    source:
      registry_url: https://components.espressif.com/
      type: service
    version: 0.1.5
  espressif/led_strip:
    component_hash: 28c6509a727ef74925b372ed404772aeedf11cce10b78c3f69b3c66799095e2d
    dependencies:
    - name: idf
      require: private
      version: '>=4.4'
    source:
      registry_url: https://components.espressif.com/
      type: service
    version: 2.5.5
  idf:
    source:
      type: idf
    version: 5.3.1
  lvgl/lvgl:
    component_hash: 2409fdc84e9766d2a18afd84b051aef3f838348136cdb1c10ac2e8bcdb012bf6
    dependencies: []
    source:
      registry_url: https://components.espressif.com/
      type: service
    version: 9.2.0
  sensorlib:
    component_hash: 61f5b5faf0a89e3d86841d25a27c42ac36769ee8054c65b5cc5aa60ef7018dda
    dependencies: []
    source:
      git: https://github.com/lewisxhe/SensorLib.git
      path: .
      type: git
    version: b83de7aa263311311917808b2ae81b07f753f43d
direct_dependencies:
- espressif/button
- espressif/esp_lcd_gc9a01
- espressif/esp_lvgl_port
- espressif/knob
- espressif/led_strip
- idf
- lvgl/lvgl
- sensorlib
manifest_hash: cf0ac2b1a87e40886280361349f449795d3f7ababff756e7f1a001c70f0cf77d
target: esp32s3
version: 2.0.0
